
Microsoft Visual Studio Solution File, Format Version 12.00
# Visual Studio Version 17
VisualStudioVersion = 17.0.31903.59
MinimumVisualStudioVersion = 10.0.40219.1
Project("{9A19103F-16F7-4668-BE54-9A1E7A4F7556}") = "DatabaseMigration", "source\electricity-market\DatabaseMigration\DatabaseMigration.csproj", "{EB86F2BA-AC67-4A51-BDD7-E391CDFDF265}"
EndProject
Project("{9A19103F-16F7-4668-BE54-9A1E7A4F7556}") = "ElectricityMarket.IntegrationTests", "source\electricity-market\ElectricityMarket.IntegrationTests\ElectricityMarket.IntegrationTests.csproj", "{B9A8CF9A-7B62-481E-A155-DA07CD3172E9}"
EndProject
Project("{9A19103F-16F7-4668-BE54-9A1E7A4F7556}") = "ElectricityMarket.UnitTests", "source\electricity-market\ElectricityMarket.UnitTests\ElectricityMarket.UnitTests.csproj", "{DA632F90-2298-40BA-A9C7-520AD7C7BED5}"
EndProject
Project("{9A19103F-16F7-4668-BE54-9A1E7A4F7556}") = "ElectricityMarket.Infrastructure", "source\electricity-market\ElectricityMarket.Infrastructure\ElectricityMarket.Infrastructure.csproj", "{17DC0139-CE22-48AC-9CBC-4C8F9BC1DEFE}"
EndProject
Project("{9A19103F-16F7-4668-BE54-9A1E7A4F7556}") = "ElectricityMarket.WebAPI", "source\electricity-market\ElectricityMarket.WebAPI\ElectricityMarket.WebAPI.csproj", "{AC7E764C-12EF-492A-A60D-2E284AF2D31D}"
EndProject
Project("{9A19103F-16F7-4668-BE54-9A1E7A4F7556}") = "ElectricityMarket.Integration", "source\electricity-market\ElectricityMarket.Integration\ElectricityMarket.Integration.csproj", "{4C656D92-47E3-4822-88A2-71B37A6635CD}"
EndProject
Project("{2150E333-8FDC-42A3-9474-1A3956D46DE8}") = "Tests", "Tests", "{693EB24E-1DFB-4348-8FD0-8A103385F610}"
EndProject
Project("{2150E333-8FDC-42A3-9474-1A3956D46DE8}") = "Hosts", "Hosts", "{B7F4F1FB-15F3-408B-BD98-59D27D23518F}"
EndProject
Project("{9A19103F-16F7-4668-BE54-9A1E7A4F7556}") = "ElectricityMarket.Import", "source\electricity-market\ElectricityMarket.Import\ElectricityMarket.Import.csproj", "{FEDC2826-C5F4-4E36-A9B0-8DD3E0DAB7F8}"
EndProject
Project("{FAE04EC0-301F-11D3-BF4B-00C04F79EFBC}") = "ElectricityMarket.Application", "source\electricity-market\ElectricityMarket.Application\ElectricityMarket.Application.csproj", "{35AD67ED-ECF9-4546-9A74-9A37B3081473}"
EndProject
Project("{FAE04EC0-301F-11D3-BF4B-00C04F79EFBC}") = "ElectricityMarket.Domain", "source\electricity-market\ElectricityMarket.Domain\ElectricityMarket.Domain.csproj", "{1D8AEC9F-156D-4672-83D7-84F3EE04F07B}"
EndProject
Global
	GlobalSection(SolutionConfigurationPlatforms) = preSolution
		Debug|Any CPU = Debug|Any CPU
		Release|Any CPU = Release|Any CPU
	EndGlobalSection
	GlobalSection(ProjectConfigurationPlatforms) = postSolution
		{EB86F2BA-AC67-4A51-BDD7-E391CDFDF265}.Debug|Any CPU.ActiveCfg = Debug|Any CPU
		{EB86F2BA-AC67-4A51-BDD7-E391CDFDF265}.Debug|Any CPU.Build.0 = Debug|Any CPU
		{EB86F2BA-AC67-4A51-BDD7-E391CDFDF265}.Release|Any CPU.ActiveCfg = Release|Any CPU
		{EB86F2BA-AC67-4A51-BDD7-E391CDFDF265}.Release|Any CPU.Build.0 = Release|Any CPU
		{B9A8CF9A-7B62-481E-A155-DA07CD3172E9}.Debug|Any CPU.ActiveCfg = Debug|Any CPU
		{B9A8CF9A-7B62-481E-A155-DA07CD3172E9}.Debug|Any CPU.Build.0 = Debug|Any CPU
		{B9A8CF9A-7B62-481E-A155-DA07CD3172E9}.Release|Any CPU.ActiveCfg = Release|Any CPU
		{B9A8CF9A-7B62-481E-A155-DA07CD3172E9}.Release|Any CPU.Build.0 = Release|Any CPU
		{DA632F90-2298-40BA-A9C7-520AD7C7BED5}.Debug|Any CPU.ActiveCfg = Debug|Any CPU
		{DA632F90-2298-40BA-A9C7-520AD7C7BED5}.Debug|Any CPU.Build.0 = Debug|Any CPU
		{DA632F90-2298-40BA-A9C7-520AD7C7BED5}.Release|Any CPU.ActiveCfg = Release|Any CPU
		{DA632F90-2298-40BA-A9C7-520AD7C7BED5}.Release|Any CPU.Build.0 = Release|Any CPU
		{17DC0139-CE22-48AC-9CBC-4C8F9BC1DEFE}.Debug|Any CPU.ActiveCfg = Debug|Any CPU
		{17DC0139-CE22-48AC-9CBC-4C8F9BC1DEFE}.Debug|Any CPU.Build.0 = Debug|Any CPU
		{17DC0139-CE22-48AC-9CBC-4C8F9BC1DEFE}.Release|Any CPU.ActiveCfg = Release|Any CPU
		{17DC0139-CE22-48AC-9CBC-4C8F9BC1DEFE}.Release|Any CPU.Build.0 = Release|Any CPU
		{AC7E764C-12EF-492A-A60D-2E284AF2D31D}.Debug|Any CPU.ActiveCfg = Debug|Any CPU
		{AC7E764C-12EF-492A-A60D-2E284AF2D31D}.Debug|Any CPU.Build.0 = Debug|Any CPU
		{AC7E764C-12EF-492A-A60D-2E284AF2D31D}.Release|Any CPU.ActiveCfg = Release|Any CPU
		{AC7E764C-12EF-492A-A60D-2E284AF2D31D}.Release|Any CPU.Build.0 = Release|Any CPU
		{4C656D92-47E3-4822-88A2-71B37A6635CD}.Debug|Any CPU.ActiveCfg = Debug|Any CPU
		{4C656D92-47E3-4822-88A2-71B37A6635CD}.Debug|Any CPU.Build.0 = Debug|Any CPU
		{4C656D92-47E3-4822-88A2-71B37A6635CD}.Release|Any CPU.ActiveCfg = Release|Any CPU
		{4C656D92-47E3-4822-88A2-71B37A6635CD}.Release|Any CPU.Build.0 = Release|Any CPU
		{FEDC2826-C5F4-4E36-A9B0-8DD3E0DAB7F8}.Debug|Any CPU.ActiveCfg = Debug|Any CPU
		{FEDC2826-C5F4-4E36-A9B0-8DD3E0DAB7F8}.Debug|Any CPU.Build.0 = Debug|Any CPU
		{FEDC2826-C5F4-4E36-A9B0-8DD3E0DAB7F8}.Release|Any CPU.ActiveCfg = Release|Any CPU
		{FEDC2826-C5F4-4E36-A9B0-8DD3E0DAB7F8}.Release|Any CPU.Build.0 = Release|Any CPU
		{35AD67ED-ECF9-4546-9A74-9A37B3081473}.Debug|Any CPU.ActiveCfg = Debug|Any CPU
		{35AD67ED-ECF9-4546-9A74-9A37B3081473}.Debug|Any CPU.Build.0 = Debug|Any CPU
		{35AD67ED-ECF9-4546-9A74-9A37B3081473}.Release|Any CPU.ActiveCfg = Release|Any CPU
		{35AD67ED-ECF9-4546-9A74-9A37B3081473}.Release|Any CPU.Build.0 = Release|Any CPU
		{1D8AEC9F-156D-4672-83D7-84F3EE04F07B}.Debug|Any CPU.ActiveCfg = Debug|Any CPU
		{1D8AEC9F-156D-4672-83D7-84F3EE04F07B}.Debug|Any CPU.Build.0 = Debug|Any CPU
		{1D8AEC9F-156D-4672-83D7-84F3EE04F07B}.Release|Any CPU.ActiveCfg = Release|Any CPU
		{1D8AEC9F-156D-4672-83D7-84F3EE04F07B}.Release|Any CPU.Build.0 = Release|Any CPU
	EndGlobalSection
	GlobalSection(SolutionProperties) = preSolution
		HideSolutionNode = FALSE
	EndGlobalSection
	GlobalSection(NestedProjects) = preSolution
		{B9A8CF9A-7B62-481E-A155-DA07CD3172E9} = {693EB24E-1DFB-4348-8FD0-8A103385F610}
		{DA632F90-2298-40BA-A9C7-520AD7C7BED5} = {693EB24E-1DFB-4348-8FD0-8A103385F610}
		{AC7E764C-12EF-492A-A60D-2E284AF2D31D} = {B7F4F1FB-15F3-408B-BD98-59D27D23518F}
		{FEDC2826-C5F4-4E36-A9B0-8DD3E0DAB7F8} = {B7F4F1FB-15F3-408B-BD98-59D27D23518F}
	EndGlobalSection
	GlobalSection(ExtensibilityGlobals) = postSolution
		SolutionGuid = {3FDCE37D-9697-414A-BB98-DAD75154D454}
	EndGlobalSection
EndGlobal
